
Microsoft Visual Studio Solution File, Format Version 12.00
# Visual Studio 14
VisualStudioVersion = 14.0.25420.1
MinimumVisualStudioVersion = 10.0.40219.1
Project("{2150E333-8FDC-42A3-9474-1A3956D46DE8}") = "Wcf.DI", "Wcf.DI", "{E86412B7-513E-47D4-865E-DD93BB6E2D7A}"
EndProject
Project("{2150E333-8FDC-42A3-9474-1A3956D46DE8}") = "Business", "Business", "{4229F6A5-1BF7-4931-BD2B-EBC5B78AAA70}"
EndProject
Project("{FAE04EC0-301F-11D3-BF4B-00C04F79EFBC}") = "Business.Entities", "Business.Entities\Business.Entities.csproj", "{A939D777-27A9-44F1-9662-155B8DAC2514}"
EndProject
Project("{FAE04EC0-301F-11D3-BF4B-00C04F79EFBC}") = "Business.Services", "Business.Services\Business.Services.csproj", "{03C1CB14-4234-4C97-BD85-D64D45DA3F88}"
EndProject
Project("{2150E333-8FDC-42A3-9474-1A3956D46DE8}") = "Client", "Client", "{AA821E52-C0E1-4893-A4ED-8CD291182684}"
EndProject
Project("{FAE04EC0-301F-11D3-BF4B-00C04F79EFBC}") = "Client.Contracts", "Client.Contracts\Client.Contracts.csproj", "{84A63C3A-0058-45D5-A776-FA141DF621FB}"
EndProject
Project("{FAE04EC0-301F-11D3-BF4B-00C04F79EFBC}") = "Client.Entities", "Client.Entities\Client.Entities.csproj", "{FD0878AE-17D5-4406-A7DB-DD01F9C89D3D}"
EndProject
Project("{FAE04EC0-301F-11D3-BF4B-00C04F79EFBC}") = "Client.Proxies", "Client.Proxies\Client.Proxies.csproj", "{8AFD7584-794E-45C6-BD09-48E8DCD49DCF}"
EndProject
Project("{2150E333-8FDC-42A3-9474-1A3956D46DE8}") = "Core", "Core", "{5FF643CE-59AB-43C7-B659-270801F50FE2}"
EndProject
Project("{FAE04EC0-301F-11D3-BF4B-00C04F79EFBC}") = "Core.Common", "Core.Common\Core.Common.csproj", "{253D955D-94EF-4256-A29B-7A0817C2F717}"
EndProject
Project("{2150E333-8FDC-42A3-9474-1A3956D46DE8}") = "DataAccess", "DataAccess", "{062B4416-A73F-41EB-A03E-A81DB6F139A1}"
EndProject
Project("{FAE04EC0-301F-11D3-BF4B-00C04F79EFBC}") = "Data.Core", "Data.Core\Data.Core.csproj", "{8A85FD4B-4B39-4738-98CD-B5B532AB46DF}"
EndProject
Project("{2150E333-8FDC-42A3-9474-1A3956D46DE8}") = "Hosts", "Hosts", "{4F6E0F0D-6791-4796-9AF8-58D191C7D518}"
EndProject
Project("{FAE04EC0-301F-11D3-BF4B-00C04F79EFBC}") = "Service.Host", "Service.Host\Service.Host.csproj", "{5368C794-803E-4C7A-83C9-A9CCE58791A9}"
EndProject
Global
	GlobalSection(SolutionConfigurationPlatforms) = preSolution
		Debug|Any CPU = Debug|Any CPU
		Release|Any CPU = Release|Any CPU
	EndGlobalSection
	GlobalSection(ProjectConfigurationPlatforms) = postSolution
		{A939D777-27A9-44F1-9662-155B8DAC2514}.Debug|Any CPU.ActiveCfg = Debug|Any CPU
		{A939D777-27A9-44F1-9662-155B8DAC2514}.Debug|Any CPU.Build.0 = Debug|Any CPU
		{A939D777-27A9-44F1-9662-155B8DAC2514}.Release|Any CPU.ActiveCfg = Release|Any CPU
		{A939D777-27A9-44F1-9662-155B8DAC2514}.Release|Any CPU.Build.0 = Release|Any CPU
		{03C1CB14-4234-4C97-BD85-D64D45DA3F88}.Debug|Any CPU.ActiveCfg = Debug|Any CPU
		{03C1CB14-4234-4C97-BD85-D64D45DA3F88}.Debug|Any CPU.Build.0 = Debug|Any CPU
		{03C1CB14-4234-4C97-BD85-D64D45DA3F88}.Release|Any CPU.ActiveCfg = Release|Any CPU
		{03C1CB14-4234-4C97-BD85-D64D45DA3F88}.Release|Any CPU.Build.0 = Release|Any CPU
		{84A63C3A-0058-45D5-A776-FA141DF621FB}.Debug|Any CPU.ActiveCfg = Debug|Any CPU
		{84A63C3A-0058-45D5-A776-FA141DF621FB}.Debug|Any CPU.Build.0 = Debug|Any CPU
		{84A63C3A-0058-45D5-A776-FA141DF621FB}.Release|Any CPU.ActiveCfg = Release|Any CPU
		{84A63C3A-0058-45D5-A776-FA141DF621FB}.Release|Any CPU.Build.0 = Release|Any CPU
		{FD0878AE-17D5-4406-A7DB-DD01F9C89D3D}.Debug|Any CPU.ActiveCfg = Debug|Any CPU
		{FD0878AE-17D5-4406-A7DB-DD01F9C89D3D}.Debug|Any CPU.Build.0 = Debug|Any CPU
		{FD0878AE-17D5-4406-A7DB-DD01F9C89D3D}.Release|Any CPU.ActiveCfg = Release|Any CPU
		{FD0878AE-17D5-4406-A7DB-DD01F9C89D3D}.Release|Any CPU.Build.0 = Release|Any CPU
		{8AFD7584-794E-45C6-BD09-48E8DCD49DCF}.Debug|Any CPU.ActiveCfg = Debug|Any CPU
		{8AFD7584-794E-45C6-BD09-48E8DCD49DCF}.Debug|Any CPU.Build.0 = Debug|Any CPU
		{8AFD7584-794E-45C6-BD09-48E8DCD49DCF}.Release|Any CPU.ActiveCfg = Release|Any CPU
		{8AFD7584-794E-45C6-BD09-48E8DCD49DCF}.Release|Any CPU.Build.0 = Release|Any CPU
		{253D955D-94EF-4256-A29B-7A0817C2F717}.Debug|Any CPU.ActiveCfg = Debug|Any CPU
		{253D955D-94EF-4256-A29B-7A0817C2F717}.Debug|Any CPU.Build.0 = Debug|Any CPU
		{253D955D-94EF-4256-A29B-7A0817C2F717}.Release|Any CPU.ActiveCfg = Release|Any CPU
		{253D955D-94EF-4256-A29B-7A0817C2F717}.Release|Any CPU.Build.0 = Release|Any CPU
		{8A85FD4B-4B39-4738-98CD-B5B532AB46DF}.Debug|Any CPU.ActiveCfg = Debug|Any CPU
		{8A85FD4B-4B39-4738-98CD-B5B532AB46DF}.Debug|Any CPU.Build.0 = Debug|Any CPU
		{8A85FD4B-4B39-4738-98CD-B5B532AB46DF}.Release|Any CPU.ActiveCfg = Release|Any CPU
		{8A85FD4B-4B39-4738-98CD-B5B532AB46DF}.Release|Any CPU.Build.0 = Release|Any CPU
		{5368C794-803E-4C7A-83C9-A9CCE58791A9}.Debug|Any CPU.ActiveCfg = Debug|Any CPU
		{5368C794-803E-4C7A-83C9-A9CCE58791A9}.Debug|Any CPU.Build.0 = Debug|Any CPU
		{5368C794-803E-4C7A-83C9-A9CCE58791A9}.Release|Any CPU.ActiveCfg = Release|Any CPU
		{5368C794-803E-4C7A-83C9-A9CCE58791A9}.Release|Any CPU.Build.0 = Release|Any CPU
	EndGlobalSection
	GlobalSection(SolutionProperties) = preSolution
		HideSolutionNode = FALSE
	EndGlobalSection
	GlobalSection(NestedProjects) = preSolution
		{4229F6A5-1BF7-4931-BD2B-EBC5B78AAA70} = {E86412B7-513E-47D4-865E-DD93BB6E2D7A}
		{A939D777-27A9-44F1-9662-155B8DAC2514} = {4229F6A5-1BF7-4931-BD2B-EBC5B78AAA70}
		{03C1CB14-4234-4C97-BD85-D64D45DA3F88} = {4229F6A5-1BF7-4931-BD2B-EBC5B78AAA70}
		{AA821E52-C0E1-4893-A4ED-8CD291182684} = {E86412B7-513E-47D4-865E-DD93BB6E2D7A}
		{84A63C3A-0058-45D5-A776-FA141DF621FB} = {AA821E52-C0E1-4893-A4ED-8CD291182684}
		{FD0878AE-17D5-4406-A7DB-DD01F9C89D3D} = {AA821E52-C0E1-4893-A4ED-8CD291182684}
		{8AFD7584-794E-45C6-BD09-48E8DCD49DCF} = {AA821E52-C0E1-4893-A4ED-8CD291182684}
		{5FF643CE-59AB-43C7-B659-270801F50FE2} = {E86412B7-513E-47D4-865E-DD93BB6E2D7A}
		{253D955D-94EF-4256-A29B-7A0817C2F717} = {5FF643CE-59AB-43C7-B659-270801F50FE2}
		{062B4416-A73F-41EB-A03E-A81DB6F139A1} = {E86412B7-513E-47D4-865E-DD93BB6E2D7A}
		{8A85FD4B-4B39-4738-98CD-B5B532AB46DF} = {062B4416-A73F-41EB-A03E-A81DB6F139A1}
		{4F6E0F0D-6791-4796-9AF8-58D191C7D518} = {E86412B7-513E-47D4-865E-DD93BB6E2D7A}
		{5368C794-803E-4C7A-83C9-A9CCE58791A9} = {4F6E0F0D-6791-4796-9AF8-58D191C7D518}
	EndGlobalSection
EndGlobal
